
Microsoft Visual Studio Solution File, Format Version 12.00
# Visual Studio 15
VisualStudioVersion = 15.0.27703.2000
MinimumVisualStudioVersion = 10.0.40219.1
Project("{9A19103F-16F7-4668-BE54-9A1E7A4F7556}") = "SignalR.Api", "SignalR.Api\SignalR.Api.csproj", "{452C6607-A057-49E9-8D33-CCA7C31DFE4B}"
EndProject
Project("{9A19103F-16F7-4668-BE54-9A1E7A4F7556}") = "SignalR.Entities", "SignalR.Entities\SignalR.Entities.csproj", "{D2E4415C-6680-4B1E-A6F5-1483A591E2B6}"
EndProject
Project("{9A19103F-16F7-4668-BE54-9A1E7A4F7556}") = "SignalR.Repository", "SignalR.Repository\SignalR.Repository.csproj", "{1A68A349-92AB-4FBB-809A-FE09BAAB55A2}"
EndProject
Project("{9A19103F-16F7-4668-BE54-9A1E7A4F7556}") = "SignalR.Hubs", "SignalR.Hubs\SignalR.Hubs.csproj", "{13EE85E7-D347-4DA8-A849-CC61094DEEF8}"
EndProject
Project("{FAE04EC0-301F-11D3-BF4B-00C04F79EFBC}") = "SignalR.Client", "SignalR.Client\SignalR.Client.csproj", "{F39B218C-934E-43BA-BC2A-8067F3042F22}"
EndProject
Global
	GlobalSection(SolutionConfigurationPlatforms) = preSolution
		Debug|Any CPU = Debug|Any CPU
		Release|Any CPU = Release|Any CPU
	EndGlobalSection
	GlobalSection(ProjectConfigurationPlatforms) = postSolution
		{452C6607-A057-49E9-8D33-CCA7C31DFE4B}.Debug|Any CPU.ActiveCfg = Debug|Any CPU
		{452C6607-A057-49E9-8D33-CCA7C31DFE4B}.Debug|Any CPU.Build.0 = Debug|Any CPU
		{452C6607-A057-49E9-8D33-CCA7C31DFE4B}.Release|Any CPU.ActiveCfg = Release|Any CPU
		{452C6607-A057-49E9-8D33-CCA7C31DFE4B}.Release|Any CPU.Build.0 = Release|Any CPU
		{D2E4415C-6680-4B1E-A6F5-1483A591E2B6}.Debug|Any CPU.ActiveCfg = Debug|Any CPU
		{D2E4415C-6680-4B1E-A6F5-1483A591E2B6}.Debug|Any CPU.Build.0 = Debug|Any CPU
		{D2E4415C-6680-4B1E-A6F5-1483A591E2B6}.Release|Any CPU.ActiveCfg = Release|Any CPU
		{D2E4415C-6680-4B1E-A6F5-1483A591E2B6}.Release|Any CPU.Build.0 = Release|Any CPU
		{1A68A349-92AB-4FBB-809A-FE09BAAB55A2}.Debug|Any CPU.ActiveCfg = Debug|Any CPU
		{1A68A349-92AB-4FBB-809A-FE09BAAB55A2}.Debug|Any CPU.Build.0 = Debug|Any CPU
		{1A68A349-92AB-4FBB-809A-FE09BAAB55A2}.Release|Any CPU.ActiveCfg = Release|Any CPU
		{1A68A349-92AB-4FBB-809A-FE09BAAB55A2}.Release|Any CPU.Build.0 = Release|Any CPU
		{13EE85E7-D347-4DA8-A849-CC61094DEEF8}.Debug|Any CPU.ActiveCfg = Debug|Any CPU
		{13EE85E7-D347-4DA8-A849-CC61094DEEF8}.Debug|Any CPU.Build.0 = Debug|Any CPU
		{13EE85E7-D347-4DA8-A849-CC61094DEEF8}.Release|Any CPU.ActiveCfg = Release|Any CPU
		{13EE85E7-D347-4DA8-A849-CC61094DEEF8}.Release|Any CPU.Build.0 = Release|Any CPU
		{F39B218C-934E-43BA-BC2A-8067F3042F22}.Debug|Any CPU.ActiveCfg = Debug|Any CPU
		{F39B218C-934E-43BA-BC2A-8067F3042F22}.Debug|Any CPU.Build.0 = Debug|Any CPU
		{F39B218C-934E-43BA-BC2A-8067F3042F22}.Release|Any CPU.ActiveCfg = Release|Any CPU
		{F39B218C-934E-43BA-BC2A-8067F3042F22}.Release|Any CPU.Build.0 = Release|Any CPU
	EndGlobalSection
	GlobalSection(SolutionProperties) = preSolution
		HideSolutionNode = FALSE
	EndGlobalSection
	GlobalSection(ExtensibilityGlobals) = postSolution
		SolutionGuid = {E5F2320D-A767-4D7D-BDF7-259CA8EC2527}
	EndGlobalSection
EndGlobal
